
Microsoft Visual Studio Solution File, Format Version 12.00
# Visual Studio Version 16
VisualStudioVersion = 16.0.32510.428
MinimumVisualStudioVersion = 10.0.40219.1
Project("{FAE04EC0-301F-11D3-BF4B-00C04F79EFBC}") = "practica 16", "practica 16.csproj", "{DADA3A66-3E0B-4A79-AF5A-016D3062F808}"
EndProject
Global
	GlobalSection(SolutionConfigurationPlatforms) = preSolution
		Debug|Any CPU = Debug|Any CPU
		Release|Any CPU = Release|Any CPU
	EndGlobalSection
	GlobalSection(ProjectConfigurationPlatforms) = postSolution
		{DADA3A66-3E0B-4A79-AF5A-016D3062F808}.Debug|Any CPU.ActiveCfg = Debug|Any CPU
		{DADA3A66-3E0B-4A79-AF5A-016D3062F808}.Debug|Any CPU.Build.0 = Debug|Any CPU
		{DADA3A66-3E0B-4A79-AF5A-016D3062F808}.Release|Any CPU.ActiveCfg = Release|Any CPU
		{DADA3A66-3E0B-4A79-AF5A-016D3062F808}.Release|Any CPU.Build.0 = Release|Any CPU
	EndGlobalSection
	GlobalSection(SolutionProperties) = preSolution
		HideSolutionNode = FALSE
	EndGlobalSection
	GlobalSection(ExtensibilityGlobals) = postSolution
		SolutionGuid = {2A0EBDC0-FFD5-402C-ABDC-15D9473641B4}
	EndGlobalSection
EndGlobal
